
Microsoft Visual Studio Solution File, Format Version 12.00
# Visual Studio 15
VisualStudioVersion = 15.0.28307.329
MinimumVisualStudioVersion = 10.0.40219.1
Project("{FAE04EC0-301F-11D3-BF4B-00C04F79EFBC}") = "SudokuSolver", "SudokuSolver\SudokuSolver.csproj", "{637C2399-89AF-4CFE-BE31-16B7246E20AB}"
EndProject
Global
	GlobalSection(SolutionConfigurationPlatforms) = preSolution
		Debug|Any CPU = Debug|Any CPU
		Release|Any CPU = Release|Any CPU
	EndGlobalSection
	GlobalSection(ProjectConfigurationPlatforms) = postSolution
		{637C2399-89AF-4CFE-BE31-16B7246E20AB}.Debug|Any CPU.ActiveCfg = Debug|Any CPU
		{637C2399-89AF-4CFE-BE31-16B7246E20AB}.Debug|Any CPU.Build.0 = Debug|Any CPU
		{637C2399-89AF-4CFE-BE31-16B7246E20AB}.Release|Any CPU.ActiveCfg = Release|Any CPU
		{637C2399-89AF-4CFE-BE31-16B7246E20AB}.Release|Any CPU.Build.0 = Release|Any CPU
	EndGlobalSection
	GlobalSection(SolutionProperties) = preSolution
		HideSolutionNode = FALSE
	EndGlobalSection
	GlobalSection(ExtensibilityGlobals) = postSolution
		SolutionGuid = {D29D3E99-82A2-4400-B77F-91894954144D}
	EndGlobalSection
EndGlobal
